# This file was autogenerated by Stack.
# You should not edit this file by hand.
# For more information, please see the documentation at:
#   https://docs.haskellstack.org/en/stable/lock_files

packages:
- completed:
    hackage: http-conduit-2.3.9.1@sha256:6a06ba7dfd40c5e9b90dc2836df7d790c54d511c67c835c48528569f9278782b,3205
    pantry-tree:
      sha256: a4f8913701879423223f19a9b6f99f9d4e930be37aaae7b3707e7e43e1e86f2f
      size: 784
  original:
    hackage: http-conduit-2.3.9.1
- completed:
    hackage: bytestring-0.11.5.3@sha256:3eee5d3658b657371d0f940f1f38feefc2ebdf8592a32d3d0734f28c61f80ba0,7595
    pantry-tree:
      sha256: bb97a05a67b1ea6c61af66e5abbbb0094bc397c1a930348442a41619026191ee
      size: 4019
  original:
    hackage: bytestring-0.11.5.3
snapshots:
- completed:
    sha256: 08bd13ce621b41a8f5e51456b38d5b46d7783ce114a50ab604d6bbab0d002146
    size: 720271
    url: https://raw.githubusercontent.com/commercialhaskell/stackage-snapshots/master/lts/22/43.yaml
  original:
    url: https://raw.githubusercontent.com/commercialhaskell/stackage-snapshots/master/lts/22/43.yaml
